
Microsoft Visual Studio Solution File, Format Version 12.00
# Visual Studio Version 17
VisualStudioVersion = 17.1.32421.90
MinimumVisualStudioVersion = 10.0.40219.1
Project("{FAE04EC0-301F-11D3-BF4B-00C04F79EFBC}") = "Dolgozat_PenzesTibor", "Dolgozat_PenzesTibor\Dolgozat_PenzesTibor.csproj", "{8EC17D61-2839-4BBB-8BDA-7B39A2CFC165}"
EndProject
Project("{FAE04EC0-301F-11D3-BF4B-00C04F79EFBC}") = "2_feladat", "2_feladat\2_feladat.csproj", "{65065092-E6E8-4380-866C-BFE15D996043}"
EndProject
Project("{FAE04EC0-301F-11D3-BF4B-00C04F79EFBC}") = "3_feladat", "3_feladat\3_feladat.csproj", "{91BA168A-A2B9-42DF-8DEB-96A47833F8D9}"
EndProject
Global
	GlobalSection(SolutionConfigurationPlatforms) = preSolution
		Debug|Any CPU = Debug|Any CPU
		Release|Any CPU = Release|Any CPU
	EndGlobalSection
	GlobalSection(ProjectConfigurationPlatforms) = postSolution
		{8EC17D61-2839-4BBB-8BDA-7B39A2CFC165}.Debug|Any CPU.ActiveCfg = Debug|Any CPU
		{8EC17D61-2839-4BBB-8BDA-7B39A2CFC165}.Debug|Any CPU.Build.0 = Debug|Any CPU
		{8EC17D61-2839-4BBB-8BDA-7B39A2CFC165}.Release|Any CPU.ActiveCfg = Release|Any CPU
		{8EC17D61-2839-4BBB-8BDA-7B39A2CFC165}.Release|Any CPU.Build.0 = Release|Any CPU
		{65065092-E6E8-4380-866C-BFE15D996043}.Debug|Any CPU.ActiveCfg = Debug|Any CPU
		{65065092-E6E8-4380-866C-BFE15D996043}.Debug|Any CPU.Build.0 = Debug|Any CPU
		{65065092-E6E8-4380-866C-BFE15D996043}.Release|Any CPU.ActiveCfg = Release|Any CPU
		{65065092-E6E8-4380-866C-BFE15D996043}.Release|Any CPU.Build.0 = Release|Any CPU
		{91BA168A-A2B9-42DF-8DEB-96A47833F8D9}.Debug|Any CPU.ActiveCfg = Debug|Any CPU
		{91BA168A-A2B9-42DF-8DEB-96A47833F8D9}.Debug|Any CPU.Build.0 = Debug|Any CPU
		{91BA168A-A2B9-42DF-8DEB-96A47833F8D9}.Release|Any CPU.ActiveCfg = Release|Any CPU
		{91BA168A-A2B9-42DF-8DEB-96A47833F8D9}.Release|Any CPU.Build.0 = Release|Any CPU
	EndGlobalSection
	GlobalSection(SolutionProperties) = preSolution
		HideSolutionNode = FALSE
	EndGlobalSection
	GlobalSection(ExtensibilityGlobals) = postSolution
		SolutionGuid = {B94A1BA1-AFEB-4F95-B741-086C27B80272}
	EndGlobalSection
EndGlobal
